// !$*UTF8*$!
{
	archiveVersion = 1;
	classes = {
	};
	objectVersion = 46;
	objects = {

/* Begin PBXBuildFile section */
		7251ADE51E235082000A0CA8 /* AppDelegate.swift in Sources */ = {isa = PBXBuildFile; fileRef = 7251ADE41E235082000A0CA8 /* AppDelegate.swift */; };
		7251ADEA1E235082000A0CA8 /* Main.storyboard in Resources */ = {isa = PBXBuildFile; fileRef = 7251ADE81E235082000A0CA8 /* Main.storyboard */; settings = {ASSET_TAGS = (Rule, ); }; };
		7251ADEC1E235082000A0CA8 /* Assets.xcassets in Resources */ = {isa = PBXBuildFile; fileRef = 7251ADEB1E235082000A0CA8 /* Assets.xcassets */; };
		7251ADEF1E235082000A0CA8 /* LaunchScreen.storyboard in Resources */ = {isa = PBXBuildFile; fileRef = 7251ADED1E235082000A0CA8 /* LaunchScreen.storyboard */; };
		7251ADFA1E235082000A0CA8 /* Assignment01Tests.swift in Sources */ = {isa = PBXBuildFile; fileRef = 7251ADF91E235082000A0CA8 /* Assignment01Tests.swift */; };
		7251AE051E235082000A0CA8 /* Assignment01UITests.swift in Sources */ = {isa = PBXBuildFile; fileRef = 7251AE041E235082000A0CA8 /* Assignment01UITests.swift */; };
		726D4DFC1E3F2BEF00064732 /* SearchResultTableViewCell.swift in Sources */ = {isa = PBXBuildFile; fileRef = 726D4DFB1E3F2BEF00064732 /* SearchResultTableViewCell.swift */; };
		726D4DFE1E3F3AC100064732 /* VideoViewController.swift in Sources */ = {isa = PBXBuildFile; fileRef = 726D4DFD1E3F3AC100064732 /* VideoViewController.swift */; };
		72996BF41E3B85DC004E26FD /* SearchVideoViewController.swift in Sources */ = {isa = PBXBuildFile; fileRef = 72996BF31E3B85DC004E26FD /* SearchVideoViewController.swift */; };
/* End PBXBuildFile section */

/* Begin PBXContainerItemProxy section */
		7251ADF61E235082000A0CA8 /* PBXContainerItemProxy */ = {
			isa = PBXContainerItemProxy;
			containerPortal = 7251ADD91E235081000A0CA8 /* Project object */;
			proxyType = 1;
			remoteGlobalIDString = 7251ADE01E235081000A0CA8;
			remoteInfo = Assignment01;
		};
		7251AE011E235082000A0CA8 /* PBXContainerItemProxy */ = {
			isa = PBXContainerItemProxy;
			containerPortal = 7251ADD91E235081000A0CA8 /* Project object */;
			proxyType = 1;
			remoteGlobalIDString = 7251ADE01E235081000A0CA8;
			remoteInfo = Assignment01;
		};
/* End PBXContainerItemProxy section */

/* Begin PBXFileReference section */
		7251ADE11E235082000A0CA8 /* Assignment01.app */ = {isa = PBXFileReference; explicitFileType = wrapper.application; includeInIndex = 0; path = Assignment01.app; sourceTree = BUILT_PRODUCTS_DIR; };
		7251ADE41E235082000A0CA8 /* AppDelegate.swift */ = {isa = PBXFileReference; lastKnownFileType = sourcecode.swift; path = AppDelegate.swift; sourceTree = "<group>"; };
		7251ADE91E235082000A0CA8 /* Base */ = {isa = PBXFileReference; lastKnownFileType = file.storyboard; name = Base; path = Base.lproj/Main.storyboard; sourceTree = "<group>"; };
		7251ADEB1E235082000A0CA8 /* Assets.xcassets */ = {isa = PBXFileReference; lastKnownFileType = folder.assetcatalog; path = Assets.xcassets; sourceTree = "<group>"; };
		7251ADEE1E235082000A0CA8 /* Base */ = {isa = PBXFileReference; lastKnownFileType = file.storyboard; name = Base; path = Base.lproj/LaunchScreen.storyboard; sourceTree = "<group>"; };
		7251ADF01E235082000A0CA8 /* Info.plist */ = {isa = PBXFileReference; lastKnownFileType = text.plist.xml; path = Info.plist; sourceTree = "<group>"; };
		7251ADF51E235082000A0CA8 /* Assignment01Tests.xctest */ = {isa = PBXFileReference; explicitFileType = wrapper.cfbundle; includeInIndex = 0; path = Assignment01Tests.xctest; sourceTree = BUILT_PRODUCTS_DIR; };
		7251ADF91E235082000A0CA8 /* Assignment01Tests.swift */ = {isa = PBXFileReference; lastKnownFileType = sourcecode.swift; path = Assignment01Tests.swift; sourceTree = "<group>"; };
		7251ADFB1E235082000A0CA8 /* Info.plist */ = {isa = PBXFileReference; lastKnownFileType = text.plist.xml; path = Info.plist; sourceTree = "<group>"; };
		7251AE001E235082000A0CA8 /* Assignment01UITests.xctest */ = {isa = PBXFileReference; explicitFileType = wrapper.cfbundle; includeInIndex = 0; path = Assignment01UITests.xctest; sourceTree = BUILT_PRODUCTS_DIR; };
		7251AE041E235082000A0CA8 /* Assignment01UITests.swift */ = {isa = PBXFileReference; lastKnownFileType = sourcecode.swift; path = Assignment01UITests.swift; sourceTree = "<group>"; };
		7251AE061E235082000A0CA8 /* Info.plist */ = {isa = PBXFileReference; lastKnownFileType = text.plist.xml; path = Info.plist; sourceTree = "<group>"; };
		726D4DFB1E3F2BEF00064732 /* SearchResultTableViewCell.swift */ = {isa = PBXFileReference; fileEncoding = 4; lastKnownFileType = sourcecode.swift; path = SearchResultTableViewCell.swift; sourceTree = "<group>"; };
		726D4DFD1E3F3AC100064732 /* VideoViewController.swift */ = {isa = PBXFileReference; fileEncoding = 4; lastKnownFileType = sourcecode.swift; path = VideoViewController.swift; sourceTree = "<group>"; };
		72996BF31E3B85DC004E26FD /* SearchVideoViewController.swift */ = {isa = PBXFileReference; fileEncoding = 4; lastKnownFileType = sourcecode.swift; path = SearchVideoViewController.swift; sourceTree = "<group>"; };
/* End PBXFileReference section */

/* Begin PBXFrameworksBuildPhase section */
		7251ADDE1E235081000A0CA8 /* Frameworks */ = {
			isa = PBXFrameworksBuildPhase;
			buildActionMask = 2147483647;
			files = (
			);
			runOnlyForDeploymentPostprocessing = 0;
		};
		7251ADF21E235082000A0CA8 /* Frameworks */ = {
			isa = PBXFrameworksBuildPhase;
			buildActionMask = 2147483647;
			files = (
			);
			runOnlyForDeploymentPostprocessing = 0;
		};
		7251ADFD1E235082000A0CA8 /* Frameworks */ = {
			isa = PBXFrameworksBuildPhase;
			buildActionMask = 2147483647;
			files = (
			);
			runOnlyForDeploymentPostprocessing = 0;
		};
/* End PBXFrameworksBuildPhase section */

/* Begin PBXGroup section */
		722501AF1E2CA52500802CF0 /* Controller */ = {
			isa = PBXGroup;
			children = (
				72996BF31E3B85DC004E26FD /* SearchVideoViewController.swift */,
				726D4DFD1E3F3AC100064732 /* VideoViewController.swift */,
			);
			name = Controller;
			sourceTree = "<group>";
		};
		722582C61E2763010019AF35 /* Views */ = {
			isa = PBXGroup;
			children = (
				7251ADE81E235082000A0CA8 /* Main.storyboard */,
				726D4DFB1E3F2BEF00064732 /* SearchResultTableViewCell.swift */,
			);
			name = Views;
			sourceTree = "<group>";
		};
		7251ADD81E235081000A0CA8 = {
			isa = PBXGroup;
			children = (
				7251ADE31E235082000A0CA8 /* Assignment01 */,
				7251ADF81E235082000A0CA8 /* Assignment01Tests */,
				7251AE031E235082000A0CA8 /* Assignment01UITests */,
				7251ADE21E235082000A0CA8 /* Products */,
			);
			sourceTree = "<group>";
		};
		7251ADE21E235082000A0CA8 /* Products */ = {
			isa = PBXGroup;
			children = (
				7251ADE11E235082000A0CA8 /* Assignment01.app */,
				7251ADF51E235082000A0CA8 /* Assignment01Tests.xctest */,
				7251AE001E235082000A0CA8 /* Assignment01UITests.xctest */,
			);
			name = Products;
			sourceTree = "<group>";
		};
		7251ADE31E235082000A0CA8 /* Assignment01 */ = {
			isa = PBXGroup;
			children = (
				722582C61E2763010019AF35 /* Views */,
				722501AF1E2CA52500802CF0 /* Controller */,
				7251ADE41E235082000A0CA8 /* AppDelegate.swift */,
				7251ADEB1E235082000A0CA8 /* Assets.xcassets */,
				7251ADED1E235082000A0CA8 /* LaunchScreen.storyboard */,
				7251ADF01E235082000A0CA8 /* Info.plist */,
			);
			path = Assignment01;
			sourceTree = "<group>";
		};
		7251ADF81E235082000A0CA8 /* Assignment01Tests */ = {
			isa = PBXGroup;
			children = (
				7251ADF91E235082000A0CA8 /* Assignment01Tests.swift */,
				7251ADFB1E235082000A0CA8 /* Info.plist */,
			);
			path = Assignment01Tests;
			sourceTree = "<group>";
		};
		7251AE031E235082000A0CA8 /* Assignment01UITests */ = {
			isa = PBXGroup;
			children = (
				7251AE041E235082000A0CA8 /* Assignment01UITests.swift */,
				7251AE061E235082000A0CA8 /* Info.plist */,
			);
			path = Assignment01UITests;
			sourceTree = "<group>";
		};
/* End PBXGroup section */

/* Begin PBXNativeTarget section */
		7251ADE01E235081000A0CA8 /* Assignment01 */ = {
			isa = PBXNativeTarget;
			buildConfigurationList = 7251AE091E235082000A0CA8 /* Build configuration list for PBXNativeTarget "Assignment01" */;
			buildPhases = (
				7251ADDD1E235081000A0CA8 /* Sources */,
				7251ADDE1E235081000A0CA8 /* Frameworks */,
				7251ADDF1E235081000A0CA8 /* Resources */,
			);
			buildRules = (
			);
			dependencies = (
			);
			name = Assignment01;
			productName = Assignment01;
			productReference = 7251ADE11E235082000A0CA8 /* Assignment01.app */;
			productType = "com.apple.product-type.application";
		};
		7251ADF41E235082000A0CA8 /* Assignment01Tests */ = {
			isa = PBXNativeTarget;
			buildConfigurationList = 7251AE0C1E235082000A0CA8 /* Build configuration list for PBXNativeTarget "Assignment01Tests" */;
			buildPhases = (
				7251ADF11E235082000A0CA8 /* Sources */,
				7251ADF21E235082000A0CA8 /* Frameworks */,
				7251ADF31E235082000A0CA8 /* Resources */,
			);
			buildRules = (
			);
			dependencies = (
				7251ADF71E235082000A0CA8 /* PBXTargetDependency */,
			);
			name = Assignment01Tests;
			productName = Assignment01Tests;
			productReference = 7251ADF51E235082000A0CA8 /* Assignment01Tests.xctest */;
			productType = "com.apple.product-type.bundle.unit-test";
		};
		7251ADFF1E235082000A0CA8 /* Assignment01UITests */ = {
			isa = PBXNativeTarget;
			buildConfigurationList = 7251AE0F1E235082000A0CA8 /* Build configuration list for PBXNativeTarget "Assignment01UITests" */;
			buildPhases = (
				7251ADFC1E235082000A0CA8 /* Sources */,
				7251ADFD1E235082000A0CA8 /* Frameworks */,
				7251ADFE1E235082000A0CA8 /* Resources */,
			);
			buildRules = (
			);
			dependencies = (
				7251AE021E235082000A0CA8 /* PBXTargetDependency */,
			);
			name = Assignment01UITests;
			productName = Assignment01UITests;
			productReference = 7251AE001E235082000A0CA8 /* Assignment01UITests.xctest */;
			productType = "com.apple.product-type.bundle.ui-testing";
		};
/* End PBXNativeTarget section */

/* Begin PBXProject section */
		7251ADD91E235081000A0CA8 /* Project object */ = {
			isa = PBXProject;
			attributes = {
				KnownAssetTags = (
					Rule,
				);
				LastSwiftUpdateCheck = 0810;
				LastUpgradeCheck = 0820;
				ORGANIZATIONNAME = au.rmit.s3177105;
				TargetAttributes = {
					7251ADE01E235081000A0CA8 = {
						CreatedOnToolsVersion = 8.1;
						ProvisioningStyle = Automatic;
					};
					7251ADF41E235082000A0CA8 = {
						CreatedOnToolsVersion = 8.1;
						ProvisioningStyle = Automatic;
						TestTargetID = 7251ADE01E235081000A0CA8;
					};
					7251ADFF1E235082000A0CA8 = {
						CreatedOnToolsVersion = 8.1;
						ProvisioningStyle = Automatic;
						TestTargetID = 7251ADE01E235081000A0CA8;
					};
				};
			};
			buildConfigurationList = 7251ADDC1E235081000A0CA8 /* Build configuration list for PBXProject "Assignment01" */;
			compatibilityVersion = "Xcode 3.2";
			developmentRegion = English;
			hasScannedForEncodings = 0;
			knownRegions = (
				en,
				Base,
			);
			mainGroup = 7251ADD81E235081000A0CA8;
			productRefGroup = 7251ADE21E235082000A0CA8 /* Products */;
			projectDirPath = "";
			projectRoot = "";
			targets = (
				7251ADE01E235081000A0CA8 /* Assignment01 */,
				7251ADF41E235082000A0CA8 /* Assignment01Tests */,
				7251ADFF1E235082000A0CA8 /* Assignment01UITests */,
			);
		};
/* End PBXProject section */

/* Begin PBXResourcesBuildPhase section */
		7251ADDF1E235081000A0CA8 /* Resources */ = {
			isa = PBXResourcesBuildPhase;
			buildActionMask = 2147483647;
			files = (
				7251ADEF1E235082000A0CA8 /* LaunchScreen.storyboard in Resources */,
				7251ADEC1E235082000A0CA8 /* Assets.xcassets in Resources */,
				7251ADEA1E235082000A0CA8 /* Main.storyboard in Resources */,
			);
			runOnlyForDeploymentPostprocessing = 0;
		};
		7251ADF31E235082000A0CA8 /* Resources */ = {
			isa = PBXResourcesBuildPhase;
			buildActionMask = 2147483647;
			files = (
			);
			runOnlyForDeploymentPostprocessing = 0;
		};
		7251ADFE1E235082000A0CA8 /* Resources */ = {
			isa = PBXResourcesBuildPhase;
			buildActionMask = 2147483647;
			files = (
			);
			runOnlyForDeploymentPostprocessing = 0;
		};
/* End PBXResourcesBuildPhase section */

/* Begin PBXSourcesBuildPhase section */
		7251ADDD1E235081000A0CA8 /* Sources */ = {
			isa = PBXSourcesBuildPhase;
			buildActionMask = 2147483647;
			files = (
				72996BF41E3B85DC004E26FD /* SearchVideoViewController.swift in Sources */,
				726D4DFE1E3F3AC100064732 /* VideoViewController.swift in Sources */,
				7251ADE51E235082000A0CA8 /* AppDelegate.swift in Sources */,
				726D4DFC1E3F2BEF00064732 /* SearchResultTableViewCell.swift in Sources */,
			);
			runOnlyForDeploymentPostprocessing = 0;
		};
		7251ADF11E235082000A0CA8 /* Sources */ = {
			isa = PBXSourcesBuildPhase;
			buildActionMask = 2147483647;
			files = (
				7251ADFA1E235082000A0CA8 /* Assignment01Tests.swift in Sources */,
			);
			runOnlyForDeploymentPostprocessing = 0;
		};
		7251ADFC1E235082000A0CA8 /* Sources */ = {
			isa = PBXSourcesBuildPhase;
			buildActionMask = 2147483647;
			files = (
				7251AE051E235082000A0CA8 /* Assignment01UITests.swift in Sources */,
			);
			runOnlyForDeploymentPostprocessing = 0;
		};
/* End PBXSourcesBuildPhase section */

/* Begin PBXTargetDependency section */
		7251ADF71E235082000A0CA8 /* PBXTargetDependency */ = {
			isa = PBXTargetDependency;
			target = 7251ADE01E235081000A0CA8 /* Assignment01 */;
			targetProxy = 7251ADF61E235082000A0CA8 /* PBXContainerItemProxy */;
		};
		7251AE021E235082000A0CA8 /* PBXTargetDependency */ = {
			isa = PBXTargetDependency;
			target = 7251ADE01E235081000A0CA8 /* Assignment01 */;
			targetProxy = 7251AE011E235082000A0CA8 /* PBXContainerItemProxy */;
		};
/* End PBXTargetDependency section */

/* Begin PBXVariantGroup section */
		7251ADE81E235082000A0CA8 /* Main.storyboard */ = {
			isa = PBXVariantGroup;
			children = (
				7251ADE91E235082000A0CA8 /* Base */,
			);
			name = Main.storyboard;
			sourceTree = "<group>";
		};
		7251ADED1E235082000A0CA8 /* LaunchScreen.storyboard */ = {
			isa = PBXVariantGroup;
			children = (
				7251ADEE1E235082000A0CA8 /* Base */,
			);
			name = LaunchScreen.storyboard;
			sourceTree = "<group>";
		};
/* End PBXVariantGroup section */

/* Begin XCBuildConfiguration section */
		7251AE071E235082000A0CA8 /* Debug */ = {
			isa = XCBuildConfiguration;
			buildSettings = {
				ALWAYS_SEARCH_USER_PATHS = NO;
				CLANG_ANALYZER_NONNULL = YES;
				CLANG_CXX_LANGUAGE_STANDARD = "gnu++0x";
				CLANG_CXX_LIBRARY = "libc++";
				CLANG_ENABLE_MODULES = YES;
				CLANG_ENABLE_OBJC_ARC = YES;
				CLANG_WARN_BOOL_CONVERSION = YES;
				CLANG_WARN_CONSTANT_CONVERSION = YES;
				CLANG_WARN_DIRECT_OBJC_ISA_USAGE = YES_ERROR;
				CLANG_WARN_DOCUMENTATION_COMMENTS = YES;
				CLANG_WARN_EMPTY_BODY = YES;
				CLANG_WARN_ENUM_CONVERSION = YES;
				CLANG_WARN_INFINITE_RECURSION = YES;
				CLANG_WARN_INT_CONVERSION = YES;
				CLANG_WARN_OBJC_ROOT_CLASS = YES_ERROR;
				CLANG_WARN_SUSPICIOUS_MOVE = YES;
				CLANG_WARN_SUSPICIOUS_MOVES = YES;
				CLANG_WARN_UNREACHABLE_CODE = YES;
				CLANG_WARN__DUPLICATE_METHOD_MATCH = YES;
				"CODE_SIGN_IDENTITY[sdk=iphoneos*]" = "iPhone Developer";
				COPY_PHASE_STRIP = NO;
				DEBUG_INFORMATION_FORMAT = dwarf;
				ENABLE_STRICT_OBJC_MSGSEND = YES;
				ENABLE_TESTABILITY = YES;
				GCC_C_LANGUAGE_STANDARD = gnu99;
				GCC_DYNAMIC_NO_PIC = NO;
				GCC_NO_COMMON_BLOCKS = YES;
				GCC_OPTIMIZATION_LEVEL = 0;
				GCC_PREPROCESSOR_DEFINITIONS = (
					"DEBUG=1",
					"$(inherited)",
				);
				GCC_WARN_64_TO_32_BIT_CONVERSION = YES;
				GCC_WARN_ABOUT_RETURN_TYPE = YES_ERROR;
				GCC_WARN_UNDECLARED_SELECTOR = YES;
				GCC_WARN_UNINITIALIZED_AUTOS = YES_AGGRESSIVE;
				GCC_WARN_UNUSED_FUNCTION = YES;
				GCC_WARN_UNUSED_VARIABLE = YES;
				IPHONEOS_DEPLOYMENT_TARGET = 10.1;
				MTL_ENABLE_DEBUG_INFO = YES;
				ONLY_ACTIVE_ARCH = YES;
				SDKROOT = iphoneos;
				SWIFT_ACTIVE_COMPILATION_CONDITIONS = DEBUG;
				SWIFT_OPTIMIZATION_LEVEL = "-Onone";
				TARGETED_DEVICE_FAMILY = "1,2";
			};
			name = Debug;
		};
		7251AE081E235082000A0CA8 /* Release */ = {
			isa = XCBuildConfiguration;
			buildSettings = {
				ALWAYS_SEARCH_USER_PATHS = NO;
				CLANG_ANALYZER_NONNULL = YES;
				CLANG_CXX_LANGUAGE_STANDARD = "gnu++0x";
				CLANG_CXX_LIBRARY = "libc++";
				CLANG_ENABLE_MODULES = YES;
				CLANG_ENABLE_OBJC_ARC = YES;
				CLANG_WARN_BOOL_CONVERSION = YES;
				CLANG_WARN_CONSTANT_CONVERSION = YES;
				CLANG_WARN_DIRECT_OBJC_ISA_USAGE = YES_ERROR;
				CLANG_WARN_DOCUMENTATION_COMMENTS = YES;
				CLANG_WARN_EMPTY_BODY = YES;
				CLANG_WARN_ENUM_CONVERSION = YES;
				CLANG_WARN_INFINITE_RECURSION = YES;
				CLANG_WARN_INT_CONVERSION = YES;
				CLANG_WARN_OBJC_ROOT_CLASS = YES_ERROR;
				CLANG_WARN_SUSPICIOUS_MOVE = YES;
				CLANG_WARN_SUSPICIOUS_MOVES = YES;
				CLANG_WARN_UNREACHABLE_CODE = YES;
				CLANG_WARN__DUPLICATE_METHOD_MATCH = YES;
				"CODE_SIGN_IDENTITY[sdk=iphoneos*]" = "iPhone Developer";
				COPY_PHASE_STRIP = NO;
				DEBUG_INFORMATION_FORMAT = "dwarf-with-dsym";
				ENABLE_NS_ASSERTIONS = NO;
				ENABLE_STRICT_OBJC_MSGSEND = YES;
				GCC_C_LANGUAGE_STANDARD = gnu99;
				GCC_NO_COMMON_BLOCKS = YES;
				GCC_WARN_64_TO_32_BIT_CONVERSION = YES;
				GCC_WARN_ABOUT_RETURN_TYPE = YES_ERROR;
				GCC_WARN_UNDECLARED_SELECTOR = YES;
				GCC_WARN_UNINITIALIZED_AUTOS = YES_AGGRESSIVE;
				GCC_WARN_UNUSED_FUNCTION = YES;
				GCC_WARN_UNUSED_VARIABLE = YES;
				IPHONEOS_DEPLOYMENT_TARGET = 10.1;
				MTL_ENABLE_DEBUG_INFO = NO;
				SDKROOT = iphoneos;
				SWIFT_OPTIMIZATION_LEVEL = "-Owholemodule";
				TARGETED_DEVICE_FAMILY = "1,2";
				VALIDATE_PRODUCT = YES;
			};
			name = Release;
		};
		7251AE0A1E235082000A0CA8 /* Debug */ = {
			isa = XCBuildConfiguration;
			buildSettings = {
				ASSETCATALOG_COMPILER_APPICON_NAME = AppIcon;
				INFOPLIST_FILE = Assignment01/Info.plist;
				LD_RUNPATH_SEARCH_PATHS = "$(inherited) @executable_path/Frameworks";
				PRODUCT_BUNDLE_IDENTIFIER = au.rmit.s3177105.Assignment01;
				PRODUCT_NAME = "$(TARGET_NAME)";
				SWIFT_VERSION = 3.0;
			};
			name = Debug;
		};
		7251AE0B1E235082000A0CA8 /* Release */ = {
			isa = XCBuildConfiguration;
			buildSettings = {
				ASSETCATALOG_COMPILER_APPICON_NAME = AppIcon;
				INFOPLIST_FILE = Assignment01/Info.plist;
				LD_RUNPATH_SEARCH_PATHS = "$(inherited) @executable_path/Frameworks";
				PRODUCT_BUNDLE_IDENTIFIER = au.rmit.s3177105.Assignment01;
				PRODUCT_NAME = "$(TARGET_NAME)";
				SWIFT_VERSION = 3.0;
			};
			name = Release;
		};
		7251AE0D1E235082000A0CA8 /* Debug */ = {
			isa = XCBuildConfiguration;
			buildSettings = {
				ALWAYS_EMBED_SWIFT_STANDARD_LIBRARIES = YES;
				BUNDLE_LOADER = "$(TEST_HOST)";
				INFOPLIST_FILE = Assignment01Tests/Info.plist;
				LD_RUNPATH_SEARCH_PATHS = "$(inherited) @executable_path/Frameworks @loader_path/Frameworks";
				PRODUCT_BUNDLE_IDENTIFIER = au.rmit.s3177105.Assignment01Tests;
				PRODUCT_NAME = "$(TARGET_NAME)";
				SWIFT_VERSION = 3.0;
				TEST_HOST = "$(BUILT_PRODUCTS_DIR)/Assignment01.app/Assignment01";
			};
			name = Debug;
		};
		7251AE0E1E235082000A0CA8 /* Release */ = {
			isa = XCBuildConfiguration;
			buildSettings = {
				ALWAYS_EMBED_SWIFT_STANDARD_LIBRARIES = YES;
				BUNDLE_LOADER = "$(TEST_HOST)";
				INFOPLIST_FILE = Assignment01Tests/Info.plist;
				LD_RUNPATH_SEARCH_PATHS = "$(inherited) @executable_path/Frameworks @loader_path/Frameworks";
				PRODUCT_BUNDLE_IDENTIFIER = au.rmit.s3177105.Assignment01Tests;
				PRODUCT_NAME = "$(TARGET_NAME)";
				SWIFT_VERSION = 3.0;
				TEST_HOST = "$(BUILT_PRODUCTS_DIR)/Assignment01.app/Assignment01";
			};
			name = Release;
		};
		7251AE101E235082000A0CA8 /* Debug */ = {
			isa = XCBuildConfiguration;
			buildSettings = {
				ALWAYS_EMBED_SWIFT_STANDARD_LIBRARIES = YES;
				INFOPLIST_FILE = Assignment01UITests/Info.plist;
				LD_RUNPATH_SEARCH_PATHS = "$(inherited) @executable_path/Frameworks @loader_path/Frameworks";
				PRODUCT_BUNDLE_IDENTIFIER = au.rmit.s3177105.Assignment01UITests;
				PRODUCT_NAME = "$(TARGET_NAME)";
				SWIFT_VERSION = 3.0;
				TEST_TARGET_NAME = Assignment01;
			};
			name = Debug;
		};
		7251AE111E235082000A0CA8 /* Release */ = {
			isa = XCBuildConfiguration;
			buildSettings = {
				ALWAYS_EMBED_SWIFT_STANDARD_LIBRARIES = YES;
				INFOPLIST_FILE = Assignment01UITests/Info.plist;
				LD_RUNPATH_SEARCH_PATHS = "$(inherited) @executable_path/Frameworks @loader_path/Frameworks";
				PRODUCT_BUNDLE_IDENTIFIER = au.rmit.s3177105.Assignment01UITests;
				PRODUCT_NAME = "$(TARGET_NAME)";
				SWIFT_VERSION = 3.0;
				TEST_TARGET_NAME = Assignment01;
			};
			name = Release;
		};
/* End XCBuildConfiguration section */

/* Begin XCConfigurationList section */
		7251ADDC1E235081000A0CA8 /* Build configuration list for PBXProject "Assignment01" */ = {
			isa = XCConfigurationList;
			buildConfigurations = (
				7251AE071E235082000A0CA8 /* Debug */,
				7251AE081E235082000A0CA8 /* Release */,
			);
			defaultConfigurationIsVisible = 0;
			defaultConfigurationName = Release;
		};
		7251AE091E235082000A0CA8 /* Build configuration list for PBXNativeTarget "Assignment01" */ = {
			isa = XCConfigurationList;
			buildConfigurations = (
				7251AE0A1E235082000A0CA8 /* Debug */,
				7251AE0B1E235082000A0CA8 /* Release */,
			);
			defaultConfigurationIsVisible = 0;
			defaultConfigurationName = Release;
		};
		7251AE0C1E235082000A0CA8 /* Build configuration list for PBXNativeTarget "Assignment01Tests" */ = {
			isa = XCConfigurationList;
			buildConfigurations = (
				7251AE0D1E235082000A0CA8 /* Debug */,
				7251AE0E1E235082000A0CA8 /* Release */,
			);
			defaultConfigurationIsVisible = 0;
			defaultConfigurationName = Release;
		};
		7251AE0F1E235082000A0CA8 /* Build configuration list for PBXNativeTarget "Assignment01UITests" */ = {
			isa = XCConfigurationList;
			buildConfigurations = (
				7251AE101E235082000A0CA8 /* Debug */,
				7251AE111E235082000A0CA8 /* Release */,
			);
			defaultConfigurationIsVisible = 0;
			defaultConfigurationName = Release;
		};
/* End XCConfigurationList section */
	};
	rootObject = 7251ADD91E235081000A0CA8 /* Project object */;
}
